// !$*UTF8*$!
{
	archiveVersion = 1;
	classes = {
	};
	objectVersion = 46;
	objects = {

/* Begin PBXBuildFile section */
		EFD943851A37F4CE002448C3 /* AppDelegate.m in Sources */ = {isa = PBXBuildFile; fileRef = EFD943841A37F4CE002448C3 /* AppDelegate.m */; };
		EFD943871A37F4CE002448C3 /* main.m in Sources */ = {isa = PBXBuildFile; fileRef = EFD943861A37F4CE002448C3 /* main.m */; };
		EFD9438A1A37F4CE002448C3 /* Document.m in Sources */ = {isa = PBXBuildFile; fileRef = EFD943891A37F4CE002448C3 /* Document.m */; };
		EFD9438D1A37F4CE002448C3 /* Document.xib in Resources */ = {isa = PBXBuildFile; fileRef = EFD9438B1A37F4CE002448C3 /* Document.xib */; };
		EFD9438F1A37F4CE002448C3 /* Images.xcassets in Resources */ = {isa = PBXBuildFile; fileRef = EFD9438E1A37F4CE002448C3 /* Images.xcassets */; };
		EFD943921A37F4CE002448C3 /* MainMenu.xib in Resources */ = {isa = PBXBuildFile; fileRef = EFD943901A37F4CE002448C3 /* MainMenu.xib */; };
		EFD9439E1A37F4CE002448C3 /* SVGDrawerTests.m in Sources */ = {isa = PBXBuildFile; fileRef = EFD9439D1A37F4CE002448C3 /* SVGDrawerTests.m */; };
		EFD943B51A37F4F1002448C3 /* SVG.m in Sources */ = {isa = PBXBuildFile; fileRef = EFD943A91A37F4F1002448C3 /* SVG.m */; };
		EFD943B61A37F4F1002448C3 /* SVGDocument.m in Sources */ = {isa = PBXBuildFile; fileRef = EFD943AC1A37F4F1002448C3 /* SVGDocument.m */; };
		EFD943B71A37F4F1002448C3 /* SVGElement.m in Sources */ = {isa = PBXBuildFile; fileRef = EFD943AE1A37F4F1002448C3 /* SVGElement.m */; };
		EFD943B81A37F4F1002448C3 /* SVGGroup.m in Sources */ = {isa = PBXBuildFile; fileRef = EFD943B01A37F4F1002448C3 /* SVGGroup.m */; };
		EFD943B91A37F4F1002448C3 /* SVGPath.m in Sources */ = {isa = PBXBuildFile; fileRef = EFD943B21A37F4F1002448C3 /* SVGPath.m */; };
		EFD943BA1A37F4F1002448C3 /* SVGView.m in Sources */ = {isa = PBXBuildFile; fileRef = EFD943B41A37F4F1002448C3 /* SVGView.m */; };
/* End PBXBuildFile section */

/* Begin PBXContainerItemProxy section */
		EFD943981A37F4CE002448C3 /* PBXContainerItemProxy */ = {
			isa = PBXContainerItemProxy;
			containerPortal = EFD943761A37F4CE002448C3 /* Project object */;
			proxyType = 1;
			remoteGlobalIDString = EFD9437D1A37F4CE002448C3;
			remoteInfo = SVGDrawer;
		};
/* End PBXContainerItemProxy section */

/* Begin PBXFileReference section */
		EFD9437E1A37F4CE002448C3 /* SVGDrawer.app */ = {isa = PBXFileReference; explicitFileType = wrapper.application; includeInIndex = 0; path = SVGDrawer.app; sourceTree = BUILT_PRODUCTS_DIR; };
		EFD943821A37F4CE002448C3 /* Info.plist */ = {isa = PBXFileReference; lastKnownFileType = text.plist.xml; path = Info.plist; sourceTree = "<group>"; };
		EFD943831A37F4CE002448C3 /* AppDelegate.h */ = {isa = PBXFileReference; lastKnownFileType = sourcecode.c.h; path = AppDelegate.h; sourceTree = "<group>"; };
		EFD943841A37F4CE002448C3 /* AppDelegate.m */ = {isa = PBXFileReference; lastKnownFileType = sourcecode.c.objc; path = AppDelegate.m; sourceTree = "<group>"; };
		EFD943861A37F4CE002448C3 /* main.m */ = {isa = PBXFileReference; lastKnownFileType = sourcecode.c.objc; path = main.m; sourceTree = "<group>"; };
		EFD943881A37F4CE002448C3 /* Document.h */ = {isa = PBXFileReference; lastKnownFileType = sourcecode.c.h; path = Document.h; sourceTree = "<group>"; };
		EFD943891A37F4CE002448C3 /* Document.m */ = {isa = PBXFileReference; lastKnownFileType = sourcecode.c.objc; path = Document.m; sourceTree = "<group>"; };
		EFD9438C1A37F4CE002448C3 /* Base */ = {isa = PBXFileReference; lastKnownFileType = file.xib; name = Base; path = Base.lproj/Document.xib; sourceTree = "<group>"; };
		EFD9438E1A37F4CE002448C3 /* Images.xcassets */ = {isa = PBXFileReference; lastKnownFileType = folder.assetcatalog; path = Images.xcassets; sourceTree = "<group>"; };
		EFD943911A37F4CE002448C3 /* Base */ = {isa = PBXFileReference; lastKnownFileType = file.xib; name = Base; path = Base.lproj/MainMenu.xib; sourceTree = "<group>"; };
		EFD943971A37F4CE002448C3 /* SVGDrawerTests.xctest */ = {isa = PBXFileReference; explicitFileType = wrapper.cfbundle; includeInIndex = 0; path = SVGDrawerTests.xctest; sourceTree = BUILT_PRODUCTS_DIR; };
		EFD9439C1A37F4CE002448C3 /* Info.plist */ = {isa = PBXFileReference; lastKnownFileType = text.plist.xml; path = Info.plist; sourceTree = "<group>"; };
		EFD9439D1A37F4CE002448C3 /* SVGDrawerTests.m */ = {isa = PBXFileReference; lastKnownFileType = sourcecode.c.objc; path = SVGDrawerTests.m; sourceTree = "<group>"; };
		EFD943A81A37F4F1002448C3 /* SVG.h */ = {isa = PBXFileReference; fileEncoding = 4; lastKnownFileType = sourcecode.c.h; path = SVG.h; sourceTree = "<group>"; };
		EFD943A91A37F4F1002448C3 /* SVG.m */ = {isa = PBXFileReference; fileEncoding = 4; lastKnownFileType = sourcecode.c.objc; path = SVG.m; sourceTree = "<group>"; };
		EFD943AA1A37F4F1002448C3 /* SVGContainer.h */ = {isa = PBXFileReference; fileEncoding = 4; lastKnownFileType = sourcecode.c.h; path = SVGContainer.h; sourceTree = "<group>"; };
		EFD943AB1A37F4F1002448C3 /* SVGDocument.h */ = {isa = PBXFileReference; fileEncoding = 4; lastKnownFileType = sourcecode.c.h; path = SVGDocument.h; sourceTree = "<group>"; };
		EFD943AC1A37F4F1002448C3 /* SVGDocument.m */ = {isa = PBXFileReference; fileEncoding = 4; lastKnownFileType = sourcecode.c.objc; path = SVGDocument.m; sourceTree = "<group>"; };
		EFD943AD1A37F4F1002448C3 /* SVGElement.h */ = {isa = PBXFileReference; fileEncoding = 4; lastKnownFileType = sourcecode.c.h; path = SVGElement.h; sourceTree = "<group>"; };
		EFD943AE1A37F4F1002448C3 /* SVGElement.m */ = {isa = PBXFileReference; fileEncoding = 4; lastKnownFileType = sourcecode.c.objc; path = SVGElement.m; sourceTree = "<group>"; };
		EFD943AF1A37F4F1002448C3 /* SVGGroup.h */ = {isa = PBXFileReference; fileEncoding = 4; lastKnownFileType = sourcecode.c.h; path = SVGGroup.h; sourceTree = "<group>"; };
		EFD943B01A37F4F1002448C3 /* SVGGroup.m */ = {isa = PBXFileReference; fileEncoding = 4; lastKnownFileType = sourcecode.c.objc; path = SVGGroup.m; sourceTree = "<group>"; };
		EFD943B11A37F4F1002448C3 /* SVGPath.h */ = {isa = PBXFileReference; fileEncoding = 4; lastKnownFileType = sourcecode.c.h; path = SVGPath.h; sourceTree = "<group>"; };
		EFD943B21A37F4F1002448C3 /* SVGPath.m */ = {isa = PBXFileReference; fileEncoding = 4; lastKnownFileType = sourcecode.c.objc; path = SVGPath.m; sourceTree = "<group>"; };
		EFD943B31A37F4F1002448C3 /* SVGView.h */ = {isa = PBXFileReference; fileEncoding = 4; lastKnownFileType = sourcecode.c.h; path = SVGView.h; sourceTree = "<group>"; };
		EFD943B41A37F4F1002448C3 /* SVGView.m */ = {isa = PBXFileReference; fileEncoding = 4; lastKnownFileType = sourcecode.c.objc; path = SVGView.m; sourceTree = "<group>"; };
		EFD943BB1A38B69A002448C3 /* SVGElementInternal.h */ = {isa = PBXFileReference; lastKnownFileType = sourcecode.c.h; path = SVGElementInternal.h; sourceTree = "<group>"; };
/* End PBXFileReference section */

/* Begin PBXFrameworksBuildPhase section */
		EFD9437B1A37F4CE002448C3 /* Frameworks */ = {
			isa = PBXFrameworksBuildPhase;
			buildActionMask = 2147483647;
			files = (
			);
			runOnlyForDeploymentPostprocessing = 0;
		};
		EFD943941A37F4CE002448C3 /* Frameworks */ = {
			isa = PBXFrameworksBuildPhase;
			buildActionMask = 2147483647;
			files = (
			);
			runOnlyForDeploymentPostprocessing = 0;
		};
/* End PBXFrameworksBuildPhase section */

/* Begin PBXGroup section */
		EFD943751A37F4CE002448C3 = {
			isa = PBXGroup;
			children = (
				EFD943801A37F4CE002448C3 /* SVGDrawer */,
				EFD943A71A37F4F1002448C3 /* CKSVG */,
				EFD9439A1A37F4CE002448C3 /* SVGDrawerTests */,
				EFD9437F1A37F4CE002448C3 /* Products */,
			);
			sourceTree = "<group>";
		};
		EFD9437F1A37F4CE002448C3 /* Products */ = {
			isa = PBXGroup;
			children = (
				EFD9437E1A37F4CE002448C3 /* SVGDrawer.app */,
				EFD943971A37F4CE002448C3 /* SVGDrawerTests.xctest */,
			);
			name = Products;
			sourceTree = "<group>";
		};
		EFD943801A37F4CE002448C3 /* SVGDrawer */ = {
			isa = PBXGroup;
			children = (
				EFD943831A37F4CE002448C3 /* AppDelegate.h */,
				EFD943841A37F4CE002448C3 /* AppDelegate.m */,
				EFD943881A37F4CE002448C3 /* Document.h */,
				EFD943891A37F4CE002448C3 /* Document.m */,
				EFD9438B1A37F4CE002448C3 /* Document.xib */,
				EFD9438E1A37F4CE002448C3 /* Images.xcassets */,
				EFD943901A37F4CE002448C3 /* MainMenu.xib */,
				EFD943811A37F4CE002448C3 /* Supporting Files */,
			);
			path = SVGDrawer;
			sourceTree = "<group>";
		};
		EFD943811A37F4CE002448C3 /* Supporting Files */ = {
			isa = PBXGroup;
			children = (
				EFD943821A37F4CE002448C3 /* Info.plist */,
				EFD943861A37F4CE002448C3 /* main.m */,
			);
			name = "Supporting Files";
			sourceTree = "<group>";
		};
		EFD9439A1A37F4CE002448C3 /* SVGDrawerTests */ = {
			isa = PBXGroup;
			children = (
				EFD9439D1A37F4CE002448C3 /* SVGDrawerTests.m */,
				EFD9439B1A37F4CE002448C3 /* Supporting Files */,
			);
			path = SVGDrawerTests;
			sourceTree = "<group>";
		};
		EFD9439B1A37F4CE002448C3 /* Supporting Files */ = {
			isa = PBXGroup;
			children = (
				EFD9439C1A37F4CE002448C3 /* Info.plist */,
			);
			name = "Supporting Files";
			sourceTree = "<group>";
		};
		EFD943A71A37F4F1002448C3 /* CKSVG */ = {
			isa = PBXGroup;
			children = (
				EFD943A81A37F4F1002448C3 /* SVG.h */,
				EFD943A91A37F4F1002448C3 /* SVG.m */,
				EFD943AA1A37F4F1002448C3 /* SVGContainer.h */,
				EFD943AB1A37F4F1002448C3 /* SVGDocument.h */,
				EFD943AC1A37F4F1002448C3 /* SVGDocument.m */,
				EFD943AD1A37F4F1002448C3 /* SVGElement.h */,
				EFD943BB1A38B69A002448C3 /* SVGElementInternal.h */,
				EFD943AE1A37F4F1002448C3 /* SVGElement.m */,
				EFD943AF1A37F4F1002448C3 /* SVGGroup.h */,
				EFD943B01A37F4F1002448C3 /* SVGGroup.m */,
				EFD943B11A37F4F1002448C3 /* SVGPath.h */,
				EFD943B21A37F4F1002448C3 /* SVGPath.m */,
				EFD943B31A37F4F1002448C3 /* SVGView.h */,
				EFD943B41A37F4F1002448C3 /* SVGView.m */,
			);
			path = CKSVG;
			sourceTree = "<group>";
		};
/* End PBXGroup section */

/* Begin PBXNativeTarget section */
		EFD9437D1A37F4CE002448C3 /* SVGDrawer */ = {
			isa = PBXNativeTarget;
			buildConfigurationList = EFD943A11A37F4CE002448C3 /* Build configuration list for PBXNativeTarget "SVGDrawer" */;
			buildPhases = (
				EFD9437A1A37F4CE002448C3 /* Sources */,
				EFD9437B1A37F4CE002448C3 /* Frameworks */,
				EFD9437C1A37F4CE002448C3 /* Resources */,
			);
			buildRules = (
			);
			dependencies = (
			);
			name = SVGDrawer;
			productName = SVGDrawer;
			productReference = EFD9437E1A37F4CE002448C3 /* SVGDrawer.app */;
			productType = "com.apple.product-type.application";
		};
		EFD943961A37F4CE002448C3 /* SVGDrawerTests */ = {
			isa = PBXNativeTarget;
			buildConfigurationList = EFD943A41A37F4CE002448C3 /* Build configuration list for PBXNativeTarget "SVGDrawerTests" */;
			buildPhases = (
				EFD943931A37F4CE002448C3 /* Sources */,
				EFD943941A37F4CE002448C3 /* Frameworks */,
				EFD943951A37F4CE002448C3 /* Resources */,
			);
			buildRules = (
			);
			dependencies = (
				EFD943991A37F4CE002448C3 /* PBXTargetDependency */,
			);
			name = SVGDrawerTests;
			productName = SVGDrawerTests;
			productReference = EFD943971A37F4CE002448C3 /* SVGDrawerTests.xctest */;
			productType = "com.apple.product-type.bundle.unit-test";
		};
/* End PBXNativeTarget section */

/* Begin PBXProject section */
		EFD943761A37F4CE002448C3 /* Project object */ = {
			isa = PBXProject;
			attributes = {
				LastUpgradeCheck = 0610;
				ORGANIZATIONNAME = "Cory Kilger";
				TargetAttributes = {
					EFD9437D1A37F4CE002448C3 = {
						CreatedOnToolsVersion = 6.1.1;
					};
					EFD943961A37F4CE002448C3 = {
						CreatedOnToolsVersion = 6.1.1;
						TestTargetID = EFD9437D1A37F4CE002448C3;
					};
				};
			};
			buildConfigurationList = EFD943791A37F4CE002448C3 /* Build configuration list for PBXProject "SVGDrawer" */;
			compatibilityVersion = "Xcode 3.2";
			developmentRegion = English;
			hasScannedForEncodings = 0;
			knownRegions = (
				en,
				Base,
			);
			mainGroup = EFD943751A37F4CE002448C3;
			productRefGroup = EFD9437F1A37F4CE002448C3 /* Products */;
			projectDirPath = "";
			projectRoot = "";
			targets = (
				EFD9437D1A37F4CE002448C3 /* SVGDrawer */,
				EFD943961A37F4CE002448C3 /* SVGDrawerTests */,
			);
		};
/* End PBXProject section */

/* Begin PBXResourcesBuildPhase section */
		EFD9437C1A37F4CE002448C3 /* Resources */ = {
			isa = PBXResourcesBuildPhase;
			buildActionMask = 2147483647;
			files = (
				EFD9438D1A37F4CE002448C3 /* Document.xib in Resources */,
				EFD9438F1A37F4CE002448C3 /* Images.xcassets in Resources */,
				EFD943921A37F4CE002448C3 /* MainMenu.xib in Resources */,
			);
			runOnlyForDeploymentPostprocessing = 0;
		};
		EFD943951A37F4CE002448C3 /* Resources */ = {
			isa = PBXResourcesBuildPhase;
			buildActionMask = 2147483647;
			files = (
			);
			runOnlyForDeploymentPostprocessing = 0;
		};
/* End PBXResourcesBuildPhase section */

/* Begin PBXSourcesBuildPhase section */
		EFD9437A1A37F4CE002448C3 /* Sources */ = {
			isa = PBXSourcesBuildPhase;
			buildActionMask = 2147483647;
			files = (
				EFD943B51A37F4F1002448C3 /* SVG.m in Sources */,
				EFD943B91A37F4F1002448C3 /* SVGPath.m in Sources */,
				EFD9438A1A37F4CE002448C3 /* Document.m in Sources */,
				EFD943B61A37F4F1002448C3 /* SVGDocument.m in Sources */,
				EFD943B81A37F4F1002448C3 /* SVGGroup.m in Sources */,
				EFD943871A37F4CE002448C3 /* main.m in Sources */,
				EFD943BA1A37F4F1002448C3 /* SVGView.m in Sources */,
				EFD943851A37F4CE002448C3 /* AppDelegate.m in Sources */,
				EFD943B71A37F4F1002448C3 /* SVGElement.m in Sources */,
			);
			runOnlyForDeploymentPostprocessing = 0;
		};
		EFD943931A37F4CE002448C3 /* Sources */ = {
			isa = PBXSourcesBuildPhase;
			buildActionMask = 2147483647;
			files = (
				EFD9439E1A37F4CE002448C3 /* SVGDrawerTests.m in Sources */,
			);
			runOnlyForDeploymentPostprocessing = 0;
		};
/* End PBXSourcesBuildPhase section */

/* Begin PBXTargetDependency section */
		EFD943991A37F4CE002448C3 /* PBXTargetDependency */ = {
			isa = PBXTargetDependency;
			target = EFD9437D1A37F4CE002448C3 /* SVGDrawer */;
			targetProxy = EFD943981A37F4CE002448C3 /* PBXContainerItemProxy */;
		};
/* End PBXTargetDependency section */

/* Begin PBXVariantGroup section */
		EFD9438B1A37F4CE002448C3 /* Document.xib */ = {
			isa = PBXVariantGroup;
			children = (
				EFD9438C1A37F4CE002448C3 /* Base */,
			);
			name = Document.xib;
			sourceTree = "<group>";
		};
		EFD943901A37F4CE002448C3 /* MainMenu.xib */ = {
			isa = PBXVariantGroup;
			children = (
				EFD943911A37F4CE002448C3 /* Base */,
			);
			name = MainMenu.xib;
			sourceTree = "<group>";
		};
/* End PBXVariantGroup section */

/* Begin XCBuildConfiguration section */
		EFD9439F1A37F4CE002448C3 /* Debug */ = {
			isa = XCBuildConfiguration;
			buildSettings = {
				ALWAYS_SEARCH_USER_PATHS = NO;
				CLANG_CXX_LANGUAGE_STANDARD = "gnu++0x";
				CLANG_CXX_LIBRARY = "libc++";
				CLANG_ENABLE_MODULES = YES;
				CLANG_ENABLE_OBJC_ARC = YES;
				CLANG_WARN_BOOL_CONVERSION = YES;
				CLANG_WARN_CONSTANT_CONVERSION = YES;
				CLANG_WARN_DIRECT_OBJC_ISA_USAGE = YES_ERROR;
				CLANG_WARN_EMPTY_BODY = YES;
				CLANG_WARN_ENUM_CONVERSION = YES;
				CLANG_WARN_INT_CONVERSION = YES;
				CLANG_WARN_OBJC_ROOT_CLASS = YES_ERROR;
				CLANG_WARN_UNREACHABLE_CODE = YES;
				CLANG_WARN__DUPLICATE_METHOD_MATCH = YES;
				CODE_SIGN_IDENTITY = "-";
				COPY_PHASE_STRIP = NO;
				ENABLE_STRICT_OBJC_MSGSEND = YES;
				GCC_C_LANGUAGE_STANDARD = gnu99;
				GCC_DYNAMIC_NO_PIC = NO;
				GCC_OPTIMIZATION_LEVEL = 0;
				GCC_PREPROCESSOR_DEFINITIONS = (
					"DEBUG=1",
					"$(inherited)",
				);
				GCC_SYMBOLS_PRIVATE_EXTERN = NO;
				GCC_WARN_64_TO_32_BIT_CONVERSION = YES;
				GCC_WARN_ABOUT_RETURN_TYPE = YES_ERROR;
				GCC_WARN_UNDECLARED_SELECTOR = YES;
				GCC_WARN_UNINITIALIZED_AUTOS = YES_AGGRESSIVE;
				GCC_WARN_UNUSED_FUNCTION = YES;
				GCC_WARN_UNUSED_VARIABLE = YES;
				MACOSX_DEPLOYMENT_TARGET = 10.10;
				MTL_ENABLE_DEBUG_INFO = YES;
				ONLY_ACTIVE_ARCH = YES;
				SDKROOT = macosx;
			};
			name = Debug;
		};
		EFD943A01A37F4CE002448C3 /* Release */ = {
			isa = XCBuildConfiguration;
			buildSettings = {
				ALWAYS_SEARCH_USER_PATHS = NO;
				CLANG_CXX_LANGUAGE_STANDARD = "gnu++0x";
				CLANG_CXX_LIBRARY = "libc++";
				CLANG_ENABLE_MODULES = YES;
				CLANG_ENABLE_OBJC_ARC = YES;
				CLANG_WARN_BOOL_CONVERSION = YES;
				CLANG_WARN_CONSTANT_CONVERSION = YES;
				CLANG_WARN_DIRECT_OBJC_ISA_USAGE = YES_ERROR;
				CLANG_WARN_EMPTY_BODY = YES;
				CLANG_WARN_ENUM_CONVERSION = YES;
				CLANG_WARN_INT_CONVERSION = YES;
				CLANG_WARN_OBJC_ROOT_CLASS = YES_ERROR;
				CLANG_WARN_UNREACHABLE_CODE = YES;
				CLANG_WARN__DUPLICATE_METHOD_MATCH = YES;
				CODE_SIGN_IDENTITY = "-";
				COPY_PHASE_STRIP = YES;
				DEBUG_INFORMATION_FORMAT = "dwarf-with-dsym";
				ENABLE_NS_ASSERTIONS = NO;
				ENABLE_STRICT_OBJC_MSGSEND = YES;
				GCC_C_LANGUAGE_STANDARD = gnu99;
				GCC_WARN_64_TO_32_BIT_CONVERSION = YES;
				GCC_WARN_ABOUT_RETURN_TYPE = YES_ERROR;
				GCC_WARN_UNDECLARED_SELECTOR = YES;
				GCC_WARN_UNINITIALIZED_AUTOS = YES_AGGRESSIVE;
				GCC_WARN_UNUSED_FUNCTION = YES;
				GCC_WARN_UNUSED_VARIABLE = YES;
				MACOSX_DEPLOYMENT_TARGET = 10.10;
				MTL_ENABLE_DEBUG_INFO = NO;
				SDKROOT = macosx;
			};
			name = Release;
		};
		EFD943A21A37F4CE002448C3 /* Debug */ = {
			isa = XCBuildConfiguration;
			buildSettings = {
				ASSETCATALOG_COMPILER_APPICON_NAME = AppIcon;
				COMBINE_HIDPI_IMAGES = YES;
				INFOPLIST_FILE = SVGDrawer/Info.plist;
				LD_RUNPATH_SEARCH_PATHS = "$(inherited) @executable_path/../Frameworks";
				PRODUCT_NAME = "$(TARGET_NAME)";
			};
			name = Debug;
		};
		EFD943A31A37F4CE002448C3 /* Release */ = {
			isa = XCBuildConfiguration;
			buildSettings = {
				ASSETCATALOG_COMPILER_APPICON_NAME = AppIcon;
				COMBINE_HIDPI_IMAGES = YES;
				INFOPLIST_FILE = SVGDrawer/Info.plist;
				LD_RUNPATH_SEARCH_PATHS = "$(inherited) @executable_path/../Frameworks";
				PRODUCT_NAME = "$(TARGET_NAME)";
			};
			name = Release;
		};
		EFD943A51A37F4CE002448C3 /* Debug */ = {
			isa = XCBuildConfiguration;
			buildSettings = {
				BUNDLE_LOADER = "$(TEST_HOST)";
				COMBINE_HIDPI_IMAGES = YES;
				FRAMEWORK_SEARCH_PATHS = (
					"$(DEVELOPER_FRAMEWORKS_DIR)",
					"$(inherited)",
				);
				GCC_PREPROCESSOR_DEFINITIONS = (
					"DEBUG=1",
					"$(inherited)",
				);
				INFOPLIST_FILE = SVGDrawerTests/Info.plist;
				LD_RUNPATH_SEARCH_PATHS = "$(inherited) @executable_path/../Frameworks @loader_path/../Frameworks";
				PRODUCT_NAME = "$(TARGET_NAME)";
				TEST_HOST = "$(BUILT_PRODUCTS_DIR)/SVGDrawer.app/Contents/MacOS/SVGDrawer";
			};
			name = Debug;
		};
		EFD943A61A37F4CE002448C3 /* Release */ = {
			isa = XCBuildConfiguration;
			buildSettings = {
				BUNDLE_LOADER = "$(TEST_HOST)";
				COMBINE_HIDPI_IMAGES = YES;
				FRAMEWORK_SEARCH_PATHS = (
					"$(DEVELOPER_FRAMEWORKS_DIR)",
					"$(inherited)",
				);
				INFOPLIST_FILE = SVGDrawerTests/Info.plist;
				LD_RUNPATH_SEARCH_PATHS = "$(inherited) @executable_path/../Frameworks @loader_path/../Frameworks";
				PRODUCT_NAME = "$(TARGET_NAME)";
				TEST_HOST = "$(BUILT_PRODUCTS_DIR)/SVGDrawer.app/Contents/MacOS/SVGDrawer";
			};
			name = Release;
		};
/* End XCBuildConfiguration section */

/* Begin XCConfigurationList section */
		EFD943791A37F4CE002448C3 /* Build configuration list for PBXProject "SVGDrawer" */ = {
			isa = XCConfigurationList;
			buildConfigurations = (
				EFD9439F1A37F4CE002448C3 /* Debug */,
				EFD943A01A37F4CE002448C3 /* Release */,
			);
			defaultConfigurationIsVisible = 0;
			defaultConfigurationName = Release;
		};
		EFD943A11A37F4CE002448C3 /* Build configuration list for PBXNativeTarget "SVGDrawer" */ = {
			isa = XCConfigurationList;
			buildConfigurations = (
				EFD943A21A37F4CE002448C3 /* Debug */,
				EFD943A31A37F4CE002448C3 /* Release */,
			);
			defaultConfigurationIsVisible = 0;
			defaultConfigurationName = Release;
		};
		EFD943A41A37F4CE002448C3 /* Build configuration list for PBXNativeTarget "SVGDrawerTests" */ = {
			isa = XCConfigurationList;
			buildConfigurations = (
				EFD943A51A37F4CE002448C3 /* Debug */,
				EFD943A61A37F4CE002448C3 /* Release */,
			);
			defaultConfigurationIsVisible = 0;
			defaultConfigurationName = Release;
		};
/* End XCConfigurationList section */
	};
	rootObject = EFD943761A37F4CE002448C3 /* Project object */;
}
